
Microsoft Visual Studio Solution File, Format Version 12.00
# Visual Studio 2013
VisualStudioVersion = 12.0.31101.0
MinimumVisualStudioVersion = 10.0.40219.1
Project("{FAE04EC0-301F-11D3-BF4B-00C04F79EFBC}") = "01. ExchangeIfGreater", "01. ExchangeIfGreater\01. ExchangeIfGreater.csproj", "{EE2FBC32-A0C2-4210-86C0-2988B87F4619}"
EndProject
Project("{FAE04EC0-301F-11D3-BF4B-00C04F79EFBC}") = "02. BonusScore", "02. BonusScore\02. BonusScore.csproj", "{EEBB8A53-D690-408D-A7CF-53AAB583BBD1}"
EndProject
Project("{FAE04EC0-301F-11D3-BF4B-00C04F79EFBC}") = "03.CheckForAPlayCard", "03.CheckForAPlayCard\03.CheckForAPlayCard.csproj", "{43E3DCC9-914D-4BB2-B461-B25807D1500F}"
EndProject
Project("{FAE04EC0-301F-11D3-BF4B-00C04F79EFBC}") = "04. MultiplicationSign", "04. MultiplicationSign\04. MultiplicationSign.csproj", "{AD572332-9C92-408F-8F3E-EB1A43EFD56D}"
EndProject
Project("{FAE04EC0-301F-11D3-BF4B-00C04F79EFBC}") = "05. TheBiggestOf3Numbers", "05. TheBiggestOf3Numbers\05. TheBiggestOf3Numbers.csproj", "{DF86D87A-8631-41FA-967A-1CBF8979228F}"
EndProject
Project("{FAE04EC0-301F-11D3-BF4B-00C04F79EFBC}") = "06. TheBiggestOfFiveNumbers", "06. TheBiggestOfFiveNumbers\06. TheBiggestOfFiveNumbers.csproj", "{DB306CDD-C495-4C5B-9325-0643C3AA423C}"
EndProject
Project("{FAE04EC0-301F-11D3-BF4B-00C04F79EFBC}") = "07. Sort3NumbersWithNestedIfs", "07. Sort3NumbersWithNestedIfs\07. Sort3NumbersWithNestedIfs.csproj", "{403F1791-2216-47CF-93AE-FAC14715DF83}"
EndProject
Project("{FAE04EC0-301F-11D3-BF4B-00C04F79EFBC}") = "08. DigitAsWord", "08. DigitAsWord\08. DigitAsWord.csproj", "{9FE0CBE2-759A-4339-9B79-C0703587BF92}"
EndProject
Project("{FAE04EC0-301F-11D3-BF4B-00C04F79EFBC}") = "09. PlayWithIntDoubleAndString", "09. PlayWithIntDoubleAndString\09. PlayWithIntDoubleAndString.csproj", "{F38E2A94-A3F8-4CE9-BD9F-3CE28B91C4B0}"
EndProject
Project("{FAE04EC0-301F-11D3-BF4B-00C04F79EFBC}") = "10.BeerTime", "10.BeerTime\10.BeerTime.csproj", "{E6A7E4F3-94BB-481A-B0D3-5282AF800245}"
EndProject
Project("{FAE04EC0-301F-11D3-BF4B-00C04F79EFBC}") = "11. NumberAsWords", "11. NumberAsWords\11. NumberAsWords.csproj", "{B610D191-23C8-41D6-AECC-F420C938F079}"
EndProject
Project("{FAE04EC0-301F-11D3-BF4B-00C04F79EFBC}") = "12. ZeroSubset", "12. ZeroSubset\12. ZeroSubset.csproj", "{07D16DB0-D8A6-4E17-87BC-C84254E7BD0C}"
EndProject
Global
	GlobalSection(SolutionConfigurationPlatforms) = preSolution
		Debug|Any CPU = Debug|Any CPU
		Release|Any CPU = Release|Any CPU
	EndGlobalSection
	GlobalSection(ProjectConfigurationPlatforms) = postSolution
		{EE2FBC32-A0C2-4210-86C0-2988B87F4619}.Debug|Any CPU.ActiveCfg = Debug|Any CPU
		{EE2FBC32-A0C2-4210-86C0-2988B87F4619}.Debug|Any CPU.Build.0 = Debug|Any CPU
		{EE2FBC32-A0C2-4210-86C0-2988B87F4619}.Release|Any CPU.ActiveCfg = Release|Any CPU
		{EE2FBC32-A0C2-4210-86C0-2988B87F4619}.Release|Any CPU.Build.0 = Release|Any CPU
		{EEBB8A53-D690-408D-A7CF-53AAB583BBD1}.Debug|Any CPU.ActiveCfg = Debug|Any CPU
		{EEBB8A53-D690-408D-A7CF-53AAB583BBD1}.Debug|Any CPU.Build.0 = Debug|Any CPU
		{EEBB8A53-D690-408D-A7CF-53AAB583BBD1}.Release|Any CPU.ActiveCfg = Release|Any CPU
		{EEBB8A53-D690-408D-A7CF-53AAB583BBD1}.Release|Any CPU.Build.0 = Release|Any CPU
		{43E3DCC9-914D-4BB2-B461-B25807D1500F}.Debug|Any CPU.ActiveCfg = Debug|Any CPU
		{43E3DCC9-914D-4BB2-B461-B25807D1500F}.Debug|Any CPU.Build.0 = Debug|Any CPU
		{43E3DCC9-914D-4BB2-B461-B25807D1500F}.Release|Any CPU.ActiveCfg = Release|Any CPU
		{43E3DCC9-914D-4BB2-B461-B25807D1500F}.Release|Any CPU.Build.0 = Release|Any CPU
		{AD572332-9C92-408F-8F3E-EB1A43EFD56D}.Debug|Any CPU.ActiveCfg = Debug|Any CPU
		{AD572332-9C92-408F-8F3E-EB1A43EFD56D}.Debug|Any CPU.Build.0 = Debug|Any CPU
		{AD572332-9C92-408F-8F3E-EB1A43EFD56D}.Release|Any CPU.ActiveCfg = Release|Any CPU
		{AD572332-9C92-408F-8F3E-EB1A43EFD56D}.Release|Any CPU.Build.0 = Release|Any CPU
		{DF86D87A-8631-41FA-967A-1CBF8979228F}.Debug|Any CPU.ActiveCfg = Debug|Any CPU
		{DF86D87A-8631-41FA-967A-1CBF8979228F}.Debug|Any CPU.Build.0 = Debug|Any CPU
		{DF86D87A-8631-41FA-967A-1CBF8979228F}.Release|Any CPU.ActiveCfg = Release|Any CPU
		{DF86D87A-8631-41FA-967A-1CBF8979228F}.Release|Any CPU.Build.0 = Release|Any CPU
		{DB306CDD-C495-4C5B-9325-0643C3AA423C}.Debug|Any CPU.ActiveCfg = Debug|Any CPU
		{DB306CDD-C495-4C5B-9325-0643C3AA423C}.Debug|Any CPU.Build.0 = Debug|Any CPU
		{DB306CDD-C495-4C5B-9325-0643C3AA423C}.Release|Any CPU.ActiveCfg = Release|Any CPU
		{DB306CDD-C495-4C5B-9325-0643C3AA423C}.Release|Any CPU.Build.0 = Release|Any CPU
		{403F1791-2216-47CF-93AE-FAC14715DF83}.Debug|Any CPU.ActiveCfg = Debug|Any CPU
		{403F1791-2216-47CF-93AE-FAC14715DF83}.Debug|Any CPU.Build.0 = Debug|Any CPU
		{403F1791-2216-47CF-93AE-FAC14715DF83}.Release|Any CPU.ActiveCfg = Release|Any CPU
		{403F1791-2216-47CF-93AE-FAC14715DF83}.Release|Any CPU.Build.0 = Release|Any CPU
		{9FE0CBE2-759A-4339-9B79-C0703587BF92}.Debug|Any CPU.ActiveCfg = Debug|Any CPU
		{9FE0CBE2-759A-4339-9B79-C0703587BF92}.Debug|Any CPU.Build.0 = Debug|Any CPU
		{9FE0CBE2-759A-4339-9B79-C0703587BF92}.Release|Any CPU.ActiveCfg = Release|Any CPU
		{9FE0CBE2-759A-4339-9B79-C0703587BF92}.Release|Any CPU.Build.0 = Release|Any CPU
		{F38E2A94-A3F8-4CE9-BD9F-3CE28B91C4B0}.Debug|Any CPU.ActiveCfg = Debug|Any CPU
		{F38E2A94-A3F8-4CE9-BD9F-3CE28B91C4B0}.Debug|Any CPU.Build.0 = Debug|Any CPU
		{F38E2A94-A3F8-4CE9-BD9F-3CE28B91C4B0}.Release|Any CPU.ActiveCfg = Release|Any CPU
		{F38E2A94-A3F8-4CE9-BD9F-3CE28B91C4B0}.Release|Any CPU.Build.0 = Release|Any CPU
		{E6A7E4F3-94BB-481A-B0D3-5282AF800245}.Debug|Any CPU.ActiveCfg = Debug|Any CPU
		{E6A7E4F3-94BB-481A-B0D3-5282AF800245}.Debug|Any CPU.Build.0 = Debug|Any CPU
		{E6A7E4F3-94BB-481A-B0D3-5282AF800245}.Release|Any CPU.ActiveCfg = Release|Any CPU
		{E6A7E4F3-94BB-481A-B0D3-5282AF800245}.Release|Any CPU.Build.0 = Release|Any CPU
		{B610D191-23C8-41D6-AECC-F420C938F079}.Debug|Any CPU.ActiveCfg = Debug|Any CPU
		{B610D191-23C8-41D6-AECC-F420C938F079}.Debug|Any CPU.Build.0 = Debug|Any CPU
		{B610D191-23C8-41D6-AECC-F420C938F079}.Release|Any CPU.ActiveCfg = Release|Any CPU
		{B610D191-23C8-41D6-AECC-F420C938F079}.Release|Any CPU.Build.0 = Release|Any CPU
		{07D16DB0-D8A6-4E17-87BC-C84254E7BD0C}.Debug|Any CPU.ActiveCfg = Debug|Any CPU
		{07D16DB0-D8A6-4E17-87BC-C84254E7BD0C}.Debug|Any CPU.Build.0 = Debug|Any CPU
		{07D16DB0-D8A6-4E17-87BC-C84254E7BD0C}.Release|Any CPU.ActiveCfg = Release|Any CPU
		{07D16DB0-D8A6-4E17-87BC-C84254E7BD0C}.Release|Any CPU.Build.0 = Release|Any CPU
	EndGlobalSection
	GlobalSection(SolutionProperties) = preSolution
		HideSolutionNode = FALSE
	EndGlobalSection
EndGlobal
